// !$*UTF8*$!
{
	archiveVersion = 1;
	classes = {
	};
	objectVersion = 51;
	objects = {

/* Begin PBXBuildFile section */
		565DA12E25E8585300A5DE45 /* RatingControl.swift in Sources */ = {isa = PBXBuildFile; fileRef = 565DA12D25E8585300A5DE45 /* RatingControl.swift */; };
		567FC1E325C8C99E00B47B3E /* CustomTableViewCell.swift in Sources */ = {isa = PBXBuildFile; fileRef = 567FC1E225C8C99E00B47B3E /* CustomTableViewCell.swift */; };
		567FC1E725C967FF00B47B3E /* PlaceModel.swift in Sources */ = {isa = PBXBuildFile; fileRef = 567FC1E625C967FF00B47B3E /* PlaceModel.swift */; };
		567FC1EA25CB79DA00B47B3E /* NewPlaceTableViewController.swift in Sources */ = {isa = PBXBuildFile; fileRef = 567FC1E925CB79DA00B47B3E /* NewPlaceTableViewController.swift */; };
		56FAE5D225CCC5AE00E2C484 /* StorageManager.swift in Sources */ = {isa = PBXBuildFile; fileRef = 56FAE5D125CCC5AE00E2C484 /* StorageManager.swift */; };
		56FD9EB125BE6D0300111D8A /* AppDelegate.swift in Sources */ = {isa = PBXBuildFile; fileRef = 56FD9EB025BE6D0300111D8A /* AppDelegate.swift */; };
		56FD9EB325BE6D0300111D8A /* SceneDelegate.swift in Sources */ = {isa = PBXBuildFile; fileRef = 56FD9EB225BE6D0300111D8A /* SceneDelegate.swift */; };
		56FD9EB525BE6D0300111D8A /* ViewController.swift in Sources */ = {isa = PBXBuildFile; fileRef = 56FD9EB425BE6D0300111D8A /* ViewController.swift */; };
		56FD9EB825BE6D0300111D8A /* Main.storyboard in Resources */ = {isa = PBXBuildFile; fileRef = 56FD9EB625BE6D0300111D8A /* Main.storyboard */; };
		56FD9EBA25BE6D0400111D8A /* Assets.xcassets in Resources */ = {isa = PBXBuildFile; fileRef = 56FD9EB925BE6D0400111D8A /* Assets.xcassets */; };
		56FD9EBD25BE6D0400111D8A /* LaunchScreen.storyboard in Resources */ = {isa = PBXBuildFile; fileRef = 56FD9EBB25BE6D0400111D8A /* LaunchScreen.storyboard */; };
		56FD9EC625BE6D3300111D8A /* MainViewController.swift in Sources */ = {isa = PBXBuildFile; fileRef = 56FD9EC525BE6D3300111D8A /* MainViewController.swift */; };
		B1C49A4F0C5042D7B5092BEF /* Pods_TableTable.framework in Frameworks */ = {isa = PBXBuildFile; fileRef = ABD19AB71619F65C40E965ED /* Pods_TableTable.framework */; };
/* End PBXBuildFile section */

/* Begin PBXFileReference section */
		1D5E8DA8F6C6CB5763BC8166 /* Pods-TableTable.debug.xcconfig */ = {isa = PBXFileReference; includeInIndex = 1; lastKnownFileType = text.xcconfig; name = "Pods-TableTable.debug.xcconfig"; path = "Target Support Files/Pods-TableTable/Pods-TableTable.debug.xcconfig"; sourceTree = "<group>"; };
		565DA12D25E8585300A5DE45 /* RatingControl.swift */ = {isa = PBXFileReference; lastKnownFileType = sourcecode.swift; path = RatingControl.swift; sourceTree = "<group>"; };
		567FC1E225C8C99E00B47B3E /* CustomTableViewCell.swift */ = {isa = PBXFileReference; lastKnownFileType = sourcecode.swift; path = CustomTableViewCell.swift; sourceTree = "<group>"; };
		567FC1E625C967FF00B47B3E /* PlaceModel.swift */ = {isa = PBXFileReference; lastKnownFileType = sourcecode.swift; path = PlaceModel.swift; sourceTree = "<group>"; };
		567FC1E925CB79DA00B47B3E /* NewPlaceTableViewController.swift */ = {isa = PBXFileReference; lastKnownFileType = sourcecode.swift; path = NewPlaceTableViewController.swift; sourceTree = "<group>"; };
		56FAE5D125CCC5AE00E2C484 /* StorageManager.swift */ = {isa = PBXFileReference; lastKnownFileType = sourcecode.swift; path = StorageManager.swift; sourceTree = "<group>"; };
		56FD9EAD25BE6D0300111D8A /* TableTable.app */ = {isa = PBXFileReference; explicitFileType = wrapper.application; includeInIndex = 0; path = TableTable.app; sourceTree = BUILT_PRODUCTS_DIR; };
		56FD9EB025BE6D0300111D8A /* AppDelegate.swift */ = {isa = PBXFileReference; lastKnownFileType = sourcecode.swift; path = AppDelegate.swift; sourceTree = "<group>"; };
		56FD9EB225BE6D0300111D8A /* SceneDelegate.swift */ = {isa = PBXFileReference; lastKnownFileType = sourcecode.swift; path = SceneDelegate.swift; sourceTree = "<group>"; };
		56FD9EB425BE6D0300111D8A /* ViewController.swift */ = {isa = PBXFileReference; lastKnownFileType = sourcecode.swift; path = ViewController.swift; sourceTree = "<group>"; };
		56FD9EB725BE6D0300111D8A /* Base */ = {isa = PBXFileReference; lastKnownFileType = file.storyboard; name = Base; path = Base.lproj/Main.storyboard; sourceTree = "<group>"; };
		56FD9EB925BE6D0400111D8A /* Assets.xcassets */ = {isa = PBXFileReference; lastKnownFileType = folder.assetcatalog; path = Assets.xcassets; sourceTree = "<group>"; };
		56FD9EBC25BE6D0400111D8A /* Base */ = {isa = PBXFileReference; lastKnownFileType = file.storyboard; name = Base; path = Base.lproj/LaunchScreen.storyboard; sourceTree = "<group>"; };
		56FD9EBE25BE6D0400111D8A /* Info.plist */ = {isa = PBXFileReference; lastKnownFileType = text.plist.xml; path = Info.plist; sourceTree = "<group>"; };
		56FD9EC525BE6D3300111D8A /* MainViewController.swift */ = {isa = PBXFileReference; lastKnownFileType = sourcecode.swift; path = MainViewController.swift; sourceTree = "<group>"; };
		ABD19AB71619F65C40E965ED /* Pods_TableTable.framework */ = {isa = PBXFileReference; explicitFileType = wrapper.framework; includeInIndex = 0; path = Pods_TableTable.framework; sourceTree = BUILT_PRODUCTS_DIR; };
		C0BC42CEB382DE15A226CA88 /* Pods-TableTable.release.xcconfig */ = {isa = PBXFileReference; includeInIndex = 1; lastKnownFileType = text.xcconfig; name = "Pods-TableTable.release.xcconfig"; path = "Target Support Files/Pods-TableTable/Pods-TableTable.release.xcconfig"; sourceTree = "<group>"; };
/* End PBXFileReference section */

/* Begin PBXFrameworksBuildPhase section */
		56FD9EAA25BE6D0300111D8A /* Frameworks */ = {
			isa = PBXFrameworksBuildPhase;
			buildActionMask = 2147483647;
			files = (
				B1C49A4F0C5042D7B5092BEF /* Pods_TableTable.framework in Frameworks */,
			);
			runOnlyForDeploymentPostprocessing = 0;
		};
/* End PBXFrameworksBuildPhase section */

/* Begin PBXGroup section */
		20C61BB1112E3E5B86125ED3 /* Frameworks */ = {
			isa = PBXGroup;
			children = (
				ABD19AB71619F65C40E965ED /* Pods_TableTable.framework */,
			);
			name = Frameworks;
			sourceTree = "<group>";
		};
		523245D362A9297CA37B32A1 /* Pods */ = {
			isa = PBXGroup;
			children = (
				1D5E8DA8F6C6CB5763BC8166 /* Pods-TableTable.debug.xcconfig */,
				C0BC42CEB382DE15A226CA88 /* Pods-TableTable.release.xcconfig */,
			);
			path = Pods;
			sourceTree = "<group>";
		};
		56FD9EA425BE6D0300111D8A = {
			isa = PBXGroup;
			children = (
				56FD9EAF25BE6D0300111D8A /* TableTable */,
				56FD9EAE25BE6D0300111D8A /* Products */,
				523245D362A9297CA37B32A1 /* Pods */,
				20C61BB1112E3E5B86125ED3 /* Frameworks */,
			);
			sourceTree = "<group>";
		};
		56FD9EAE25BE6D0300111D8A /* Products */ = {
			isa = PBXGroup;
			children = (
				56FD9EAD25BE6D0300111D8A /* TableTable.app */,
			);
			name = Products;
			sourceTree = "<group>";
		};
		56FD9EAF25BE6D0300111D8A /* TableTable */ = {
			isa = PBXGroup;
			children = (
				56FD9EB025BE6D0300111D8A /* AppDelegate.swift */,
				56FD9EB225BE6D0300111D8A /* SceneDelegate.swift */,
				567FC1E625C967FF00B47B3E /* PlaceModel.swift */,
				56FD9EB425BE6D0300111D8A /* ViewController.swift */,
				567FC1E225C8C99E00B47B3E /* CustomTableViewCell.swift */,
				56FAE5D125CCC5AE00E2C484 /* StorageManager.swift */,
				567FC1E925CB79DA00B47B3E /* NewPlaceTableViewController.swift */,
				56FD9EC525BE6D3300111D8A /* MainViewController.swift */,
				565DA12D25E8585300A5DE45 /* RatingControl.swift */,
				56FD9EB625BE6D0300111D8A /* Main.storyboard */,
				56FD9EB925BE6D0400111D8A /* Assets.xcassets */,
				56FD9EBB25BE6D0400111D8A /* LaunchScreen.storyboard */,
				56FD9EBE25BE6D0400111D8A /* Info.plist */,
			);
			path = TableTable;
			sourceTree = "<group>";
		};
/* End PBXGroup section */

/* Begin PBXNativeTarget section */
		56FD9EAC25BE6D0300111D8A /* TableTable */ = {
			isa = PBXNativeTarget;
			buildConfigurationList = 56FD9EC125BE6D0400111D8A /* Build configuration list for PBXNativeTarget "TableTable" */;
			buildPhases = (
				E3E8CAE8FD97D944C9FD8084 /* [CP] Check Pods Manifest.lock */,
				56FD9EA925BE6D0300111D8A /* Sources */,
				56FD9EAA25BE6D0300111D8A /* Frameworks */,
				56FD9EAB25BE6D0300111D8A /* Resources */,
				33607B956837946F171CC5EC /* [CP] Embed Pods Frameworks */,
			);
			buildRules = (
			);
			dependencies = (
			);
			name = TableTable;
			productName = TableTable;
			productReference = 56FD9EAD25BE6D0300111D8A /* TableTable.app */;
			productType = "com.apple.product-type.application";
		};
/* End PBXNativeTarget section */

/* Begin PBXProject section */
		56FD9EA525BE6D0300111D8A /* Project object */ = {
			isa = PBXProject;
			attributes = {
				LastSwiftUpdateCheck = 1230;
				LastUpgradeCheck = 1230;
				TargetAttributes = {
					56FD9EAC25BE6D0300111D8A = {
						CreatedOnToolsVersion = 12.3;
					};
				};
			};
			buildConfigurationList = 56FD9EA825BE6D0300111D8A /* Build configuration list for PBXProject "TableTable" */;
			compatibilityVersion = "Xcode 9.3";
			developmentRegion = en;
			hasScannedForEncodings = 0;
			knownRegions = (
				en,
				Base,
			);
			mainGroup = 56FD9EA425BE6D0300111D8A;
			productRefGroup = 56FD9EAE25BE6D0300111D8A /* Products */;
			projectDirPath = "";
			projectRoot = "";
			targets = (
				56FD9EAC25BE6D0300111D8A /* TableTable */,
			);
		};
/* End PBXProject section */

/* Begin PBXResourcesBuildPhase section */
		56FD9EAB25BE6D0300111D8A /* Resources */ = {
			isa = PBXResourcesBuildPhase;
			buildActionMask = 2147483647;
			files = (
				56FD9EBD25BE6D0400111D8A /* LaunchScreen.storyboard in Resources */,
				56FD9EBA25BE6D0400111D8A /* Assets.xcassets in Resources */,
				56FD9EB825BE6D0300111D8A /* Main.storyboard in Resources */,
			);
			runOnlyForDeploymentPostprocessing = 0;
		};
/* End PBXResourcesBuildPhase section */

/* Begin PBXShellScriptBuildPhase section */
		33607B956837946F171CC5EC /* [CP] Embed Pods Frameworks */ = {
			isa = PBXShellScriptBuildPhase;
			buildActionMask = 2147483647;
			files = (
			);
			inputFileListPaths = (
				"${PODS_ROOT}/Target Support Files/Pods-TableTable/Pods-TableTable-frameworks-${CONFIGURATION}-input-files.xcfilelist",
			);
			name = "[CP] Embed Pods Frameworks";
			outputFileListPaths = (
				"${PODS_ROOT}/Target Support Files/Pods-TableTable/Pods-TableTable-frameworks-${CONFIGURATION}-output-files.xcfilelist",
			);
			runOnlyForDeploymentPostprocessing = 0;
			shellPath = /bin/sh;
			shellScript = "\"${PODS_ROOT}/Target Support Files/Pods-TableTable/Pods-TableTable-frameworks.sh\"\n";
			showEnvVarsInLog = 0;
		};
		E3E8CAE8FD97D944C9FD8084 /* [CP] Check Pods Manifest.lock */ = {
			isa = PBXShellScriptBuildPhase;
			buildActionMask = 2147483647;
			files = (
			);
			inputFileListPaths = (
			);
			inputPaths = (
				"${PODS_PODFILE_DIR_PATH}/Podfile.lock",
				"${PODS_ROOT}/Manifest.lock",
			);
			name = "[CP] Check Pods Manifest.lock";
			outputFileListPaths = (
			);
			outputPaths = (
				"$(DERIVED_FILE_DIR)/Pods-TableTable-checkManifestLockResult.txt",
			);
			runOnlyForDeploymentPostprocessing = 0;
			shellPath = /bin/sh;
			shellScript = "diff \"${PODS_PODFILE_DIR_PATH}/Podfile.lock\" \"${PODS_ROOT}/Manifest.lock\" > /dev/null\nif [ $? != 0 ] ; then\n    # print error to STDERR\n    echo \"error: The sandbox is not in sync with the Podfile.lock. Run 'pod install' or update your CocoaPods installation.\" >&2\n    exit 1\nfi\n# This output is used by Xcode 'outputs' to avoid re-running this script phase.\necho \"SUCCESS\" > \"${SCRIPT_OUTPUT_FILE_0}\"\n";
			showEnvVarsInLog = 0;
		};
/* End PBXShellScriptBuildPhase section */

/* Begin PBXSourcesBuildPhase section */
		56FD9EA925BE6D0300111D8A /* Sources */ = {
			isa = PBXSourcesBuildPhase;
			buildActionMask = 2147483647;
			files = (
				56FD9EB525BE6D0300111D8A /* ViewController.swift in Sources */,
				567FC1E725C967FF00B47B3E /* PlaceModel.swift in Sources */,
				567FC1E325C8C99E00B47B3E /* CustomTableViewCell.swift in Sources */,
				56FD9EB125BE6D0300111D8A /* AppDelegate.swift in Sources */,
				565DA12E25E8585300A5DE45 /* RatingControl.swift in Sources */,
				56FD9EB325BE6D0300111D8A /* SceneDelegate.swift in Sources */,
				56FD9EC625BE6D3300111D8A /* MainViewController.swift in Sources */,
				567FC1EA25CB79DA00B47B3E /* NewPlaceTableViewController.swift in Sources */,
				56FAE5D225CCC5AE00E2C484 /* StorageManager.swift in Sources */,
			);
			runOnlyForDeploymentPostprocessing = 0;
		};
/* End PBXSourcesBuildPhase section */

/* Begin PBXVariantGroup section */
		56FD9EB625BE6D0300111D8A /* Main.storyboard */ = {
			isa = PBXVariantGroup;
			children = (
				56FD9EB725BE6D0300111D8A /* Base */,
			);
			name = Main.storyboard;
			sourceTree = "<group>";
		};
		56FD9EBB25BE6D0400111D8A /* LaunchScreen.storyboard */ = {
			isa = PBXVariantGroup;
			children = (
				56FD9EBC25BE6D0400111D8A /* Base */,
			);
			name = LaunchScreen.storyboard;
			sourceTree = "<group>";
		};
/* End PBXVariantGroup section */

/* Begin XCBuildConfiguration section */
		56FD9EBF25BE6D0400111D8A /* Debug */ = {
			isa = XCBuildConfiguration;
			buildSettings = {
				ALWAYS_SEARCH_USER_PATHS = NO;
				CLANG_ANALYZER_NONNULL = YES;
				CLANG_ANALYZER_NUMBER_OBJECT_CONVERSION = YES_AGGRESSIVE;
				CLANG_CXX_LANGUAGE_STANDARD = "gnu++14";
				CLANG_CXX_LIBRARY = "libc++";
				CLANG_ENABLE_MODULES = YES;
				CLANG_ENABLE_OBJC_ARC = YES;
				CLANG_ENABLE_OBJC_WEAK = YES;
				CLANG_WARN_BLOCK_CAPTURE_AUTORELEASING = YES;
				CLANG_WARN_BOOL_CONVERSION = YES;
				CLANG_WARN_COMMA = YES;
				CLANG_WARN_CONSTANT_CONVERSION = YES;
				CLANG_WARN_DEPRECATED_OBJC_IMPLEMENTATIONS = YES;
				CLANG_WARN_DIRECT_OBJC_ISA_USAGE = YES_ERROR;
				CLANG_WARN_DOCUMENTATION_COMMENTS = YES;
				CLANG_WARN_EMPTY_BODY = YES;
				CLANG_WARN_ENUM_CONVERSION = YES;
				CLANG_WARN_INFINITE_RECURSION = YES;
				CLANG_WARN_INT_CONVERSION = YES;
				CLANG_WARN_NON_LITERAL_NULL_CONVERSION = YES;
				CLANG_WARN_OBJC_IMPLICIT_RETAIN_SELF = YES;
				CLANG_WARN_OBJC_LITERAL_CONVERSION = YES;
				CLANG_WARN_OBJC_ROOT_CLASS = YES_ERROR;
				CLANG_WARN_QUOTED_INCLUDE_IN_FRAMEWORK_HEADER = YES;
				CLANG_WARN_RANGE_LOOP_ANALYSIS = YES;
				CLANG_WARN_STRICT_PROTOTYPES = YES;
				CLANG_WARN_SUSPICIOUS_MOVE = YES;
				CLANG_WARN_UNGUARDED_AVAILABILITY = YES_AGGRESSIVE;
				CLANG_WARN_UNREACHABLE_CODE = YES;
				CLANG_WARN__DUPLICATE_METHOD_MATCH = YES;
				COPY_PHASE_STRIP = NO;
				DEBUG_INFORMATION_FORMAT = dwarf;
				ENABLE_STRICT_OBJC_MSGSEND = YES;
				ENABLE_TESTABILITY = YES;
				GCC_C_LANGUAGE_STANDARD = gnu11;
				GCC_DYNAMIC_NO_PIC = NO;
				GCC_NO_COMMON_BLOCKS = YES;
				GCC_OPTIMIZATION_LEVEL = 0;
				GCC_PREPROCESSOR_DEFINITIONS = (
					"DEBUG=1",
					"$(inherited)",
				);
				GCC_WARN_64_TO_32_BIT_CONVERSION = YES;
				GCC_WARN_ABOUT_RETURN_TYPE = YES_ERROR;
				GCC_WARN_UNDECLARED_SELECTOR = YES;
				GCC_WARN_UNINITIALIZED_AUTOS = YES_AGGRESSIVE;
				GCC_WARN_UNUSED_FUNCTION = YES;
				GCC_WARN_UNUSED_VARIABLE = YES;
				IPHONEOS_DEPLOYMENT_TARGET = 14.3;
				MTL_ENABLE_DEBUG_INFO = INCLUDE_SOURCE;
				MTL_FAST_MATH = YES;
				ONLY_ACTIVE_ARCH = YES;
				SDKROOT = iphoneos;
				SWIFT_ACTIVE_COMPILATION_CONDITIONS = DEBUG;
				SWIFT_OPTIMIZATION_LEVEL = "-Onone";
			};
			name = Debug;
		};
		56FD9EC025BE6D0400111D8A /* Release */ = {
			isa = XCBuildConfiguration;
			buildSettings = {
				ALWAYS_SEARCH_USER_PATHS = NO;
				CLANG_ANALYZER_NONNULL = YES;
				CLANG_ANALYZER_NUMBER_OBJECT_CONVERSION = YES_AGGRESSIVE;
				CLANG_CXX_LANGUAGE_STANDARD = "gnu++14";
				CLANG_CXX_LIBRARY = "libc++";
				CLANG_ENABLE_MODULES = YES;
				CLANG_ENABLE_OBJC_ARC = YES;
				CLANG_ENABLE_OBJC_WEAK = YES;
				CLANG_WARN_BLOCK_CAPTURE_AUTORELEASING = YES;
				CLANG_WARN_BOOL_CONVERSION = YES;
				CLANG_WARN_COMMA = YES;
				CLANG_WARN_CONSTANT_CONVERSION = YES;
				CLANG_WARN_DEPRECATED_OBJC_IMPLEMENTATIONS = YES;
				CLANG_WARN_DIRECT_OBJC_ISA_USAGE = YES_ERROR;
				CLANG_WARN_DOCUMENTATION_COMMENTS = YES;
				CLANG_WARN_EMPTY_BODY = YES;
				CLANG_WARN_ENUM_CONVERSION = YES;
				CLANG_WARN_INFINITE_RECURSION = YES;
				CLANG_WARN_INT_CONVERSION = YES;
				CLANG_WARN_NON_LITERAL_NULL_CONVERSION = YES;
				CLANG_WARN_OBJC_IMPLICIT_RETAIN_SELF = YES;
				CLANG_WARN_OBJC_LITERAL_CONVERSION = YES;
				CLANG_WARN_OBJC_ROOT_CLASS = YES_ERROR;
				CLANG_WARN_QUOTED_INCLUDE_IN_FRAMEWORK_HEADER = YES;
				CLANG_WARN_RANGE_LOOP_ANALYSIS = YES;
				CLANG_WARN_STRICT_PROTOTYPES = YES;
				CLANG_WARN_SUSPICIOUS_MOVE = YES;
				CLANG_WARN_UNGUARDED_AVAILABILITY = YES_AGGRESSIVE;
				CLANG_WARN_UNREACHABLE_CODE = YES;
				CLANG_WARN__DUPLICATE_METHOD_MATCH = YES;
				COPY_PHASE_STRIP = NO;
				DEBUG_INFORMATION_FORMAT = "dwarf-with-dsym";
				ENABLE_NS_ASSERTIONS = NO;
				ENABLE_STRICT_OBJC_MSGSEND = YES;
				GCC_C_LANGUAGE_STANDARD = gnu11;
				GCC_NO_COMMON_BLOCKS = YES;
				GCC_WARN_64_TO_32_BIT_CONVERSION = YES;
				GCC_WARN_ABOUT_RETURN_TYPE = YES_ERROR;
				GCC_WARN_UNDECLARED_SELECTOR = YES;
				GCC_WARN_UNINITIALIZED_AUTOS = YES_AGGRESSIVE;
				GCC_WARN_UNUSED_FUNCTION = YES;
				GCC_WARN_UNUSED_VARIABLE = YES;
				IPHONEOS_DEPLOYMENT_TARGET = 14.3;
				MTL_ENABLE_DEBUG_INFO = NO;
				MTL_FAST_MATH = YES;
				SDKROOT = iphoneos;
				SWIFT_COMPILATION_MODE = wholemodule;
				SWIFT_OPTIMIZATION_LEVEL = "-O";
				VALIDATE_PRODUCT = YES;
			};
			name = Release;
		};
		56FD9EC225BE6D0400111D8A /* Debug */ = {
			isa = XCBuildConfiguration;
			baseConfigurationReference = 1D5E8DA8F6C6CB5763BC8166 /* Pods-TableTable.debug.xcconfig */;
			buildSettings = {
				ASSETCATALOG_COMPILER_APPICON_NAME = AppIcon;
				ASSETCATALOG_COMPILER_GLOBAL_ACCENT_COLOR_NAME = AccentColor;
				CODE_SIGN_STYLE = Automatic;
				DEVELOPMENT_TEAM = 3P65C8C5XS;
				INFOPLIST_FILE = TableTable/Info.plist;
				LD_RUNPATH_SEARCH_PATHS = (
					"$(inherited)",
					"@executable_path/Frameworks",
				);
				PRODUCT_BUNDLE_IDENTIFIER = com.djsurfa.TableTable;
				PRODUCT_NAME = "$(TARGET_NAME)";
				SWIFT_VERSION = 5.0;
				TARGETED_DEVICE_FAMILY = "1,2";
			};
			name = Debug;
		};
		56FD9EC325BE6D0400111D8A /* Release */ = {
			isa = XCBuildConfiguration;
			baseConfigurationReference = C0BC42CEB382DE15A226CA88 /* Pods-TableTable.release.xcconfig */;
			buildSettings = {
				ASSETCATALOG_COMPILER_APPICON_NAME = AppIcon;
				ASSETCATALOG_COMPILER_GLOBAL_ACCENT_COLOR_NAME = AccentColor;
				CODE_SIGN_STYLE = Automatic;
				DEVELOPMENT_TEAM = 3P65C8C5XS;
				INFOPLIST_FILE = TableTable/Info.plist;
				LD_RUNPATH_SEARCH_PATHS = (
					"$(inherited)",
					"@executable_path/Frameworks",
				);
				PRODUCT_BUNDLE_IDENTIFIER = com.djsurfa.TableTable;
				PRODUCT_NAME = "$(TARGET_NAME)";
				SWIFT_VERSION = 5.0;
				TARGETED_DEVICE_FAMILY = "1,2";
			};
			name = Release;
		};
/* End XCBuildConfiguration section */

/* Begin XCConfigurationList section */
		56FD9EA825BE6D0300111D8A /* Build configuration list for PBXProject "TableTable" */ = {
			isa = XCConfigurationList;
			buildConfigurations = (
				56FD9EBF25BE6D0400111D8A /* Debug */,
				56FD9EC025BE6D0400111D8A /* Release */,
			);
			defaultConfigurationIsVisible = 0;
			defaultConfigurationName = Release;
		};
		56FD9EC125BE6D0400111D8A /* Build configuration list for PBXNativeTarget "TableTable" */ = {
			isa = XCConfigurationList;
			buildConfigurations = (
				56FD9EC225BE6D0400111D8A /* Debug */,
				56FD9EC325BE6D0400111D8A /* Release */,
			);
			defaultConfigurationIsVisible = 0;
			defaultConfigurationName = Release;
		};
/* End XCConfigurationList section */
	};
	rootObject = 56FD9EA525BE6D0300111D8A /* Project object */;
}
